
Microsoft Visual Studio Solution File, Format Version 12.00
# Visual Studio Version 17
VisualStudioVersion = 17.0.31612.314
MinimumVisualStudioVersion = 10.0.40219.1
Project("{9A19103F-16F7-4668-BE54-9A1E7A4F7556}") = "Rediin2022.Entidades", "Rediin2022.Entidades\Rediin2022.Entidades.csproj", "{81C01314-385D-44FD-8F40-9F42E3B0BD61}"
EndProject
Project("{2150E333-8FDC-42A3-9474-1A3956D46DE8}") = "Nivel1", "Nivel1", "{28099557-8F7B-4048-A8E2-09436DCEF9EE}"
EndProject
Project("{2150E333-8FDC-42A3-9474-1A3956D46DE8}") = "Nivel2", "Nivel2", "{6A0F7890-5864-4F18-A965-71EE860CF342}"
EndProject
Project("{2150E333-8FDC-42A3-9474-1A3956D46DE8}") = "PresentacionWeb", "PresentacionWeb", "{1CAF8B17-6A73-4C71-A27D-A9F302884700}"
EndProject
Project("{9A19103F-16F7-4668-BE54-9A1E7A4F7556}") = "Rediin2022.Aplicacion", "Rediin2022.Aplicacion\Rediin2022.Aplicacion.csproj", "{2681CD2F-ECBB-40C3-B5A6-6EC15193EB45}"
EndProject
Project("{9A19103F-16F7-4668-BE54-9A1E7A4F7556}") = "Rediin2022.AccesoDatos", "Rediin2022.AccesoDatos\Rediin2022.AccesoDatos.csproj", "{8B81AA5A-0AAD-40CF-8256-2B6BE8CBED0C}"
EndProject
Project("{9A19103F-16F7-4668-BE54-9A1E7A4F7556}") = "Rediin2022.Negocio", "Rediin2022.Negocio\Rediin2022.Negocio.csproj", "{162B615B-B389-40E7-9155-7546C7D7CCA3}"
EndProject
Project("{9A19103F-16F7-4668-BE54-9A1E7A4F7556}") = "Rediin2022Api", "Rediin2022Api\Rediin2022Api.csproj", "{A40065A0-BDCF-43E1-ADA3-AA89C11C7772}"
EndProject
Project("{9A19103F-16F7-4668-BE54-9A1E7A4F7556}") = "RediinProveedores2022Web", "..\..\..\Demexis - RediinProveedores\3 Desarrollo\RediinProveedores2022\RediinProveedores2022Web\RediinProveedores2022Web.csproj", "{8D8D7BCE-AA1F-4FCD-82BF-8B009263DEF4}"
EndProject
Project("{9A19103F-16F7-4668-BE54-9A1E7A4F7556}") = "Rediin2022Mvc", "Rediin2022Mvc\Rediin2022Mvc.csproj", "{35E97F87-C1BE-47BE-A873-4F6A53F0D638}"
EndProject
Global
	GlobalSection(SolutionConfigurationPlatforms) = preSolution
		Debug|Any CPU = Debug|Any CPU
		Debug|ARM = Debug|ARM
		Debug|arm64 = Debug|arm64
		Debug|iPhone = Debug|iPhone
		Debug|iPhoneSimulator = Debug|iPhoneSimulator
		Debug|x64 = Debug|x64
		Debug|x86 = Debug|x86
		Release|Any CPU = Release|Any CPU
		Release|ARM = Release|ARM
		Release|arm64 = Release|arm64
		Release|iPhone = Release|iPhone
		Release|iPhoneSimulator = Release|iPhoneSimulator
		Release|x64 = Release|x64
		Release|x86 = Release|x86
	EndGlobalSection
	GlobalSection(ProjectConfigurationPlatforms) = postSolution
		{81C01314-385D-44FD-8F40-9F42E3B0BD61}.Debug|Any CPU.ActiveCfg = Debug|Any CPU
		{81C01314-385D-44FD-8F40-9F42E3B0BD61}.Debug|Any CPU.Build.0 = Debug|Any CPU
		{81C01314-385D-44FD-8F40-9F42E3B0BD61}.Debug|ARM.ActiveCfg = Debug|Any CPU
		{81C01314-385D-44FD-8F40-9F42E3B0BD61}.Debug|ARM.Build.0 = Debug|Any CPU
		{81C01314-385D-44FD-8F40-9F42E3B0BD61}.Debug|arm64.ActiveCfg = Debug|Any CPU
		{81C01314-385D-44FD-8F40-9F42E3B0BD61}.Debug|arm64.Build.0 = Debug|Any CPU
		{81C01314-385D-44FD-8F40-9F42E3B0BD61}.Debug|iPhone.ActiveCfg = Debug|Any CPU
		{81C01314-385D-44FD-8F40-9F42E3B0BD61}.Debug|iPhone.Build.0 = Debug|Any CPU
		{81C01314-385D-44FD-8F40-9F42E3B0BD61}.Debug|iPhoneSimulator.ActiveCfg = Debug|Any CPU
		{81C01314-385D-44FD-8F40-9F42E3B0BD61}.Debug|iPhoneSimulator.Build.0 = Debug|Any CPU
		{81C01314-385D-44FD-8F40-9F42E3B0BD61}.Debug|x64.ActiveCfg = Debug|Any CPU
		{81C01314-385D-44FD-8F40-9F42E3B0BD61}.Debug|x64.Build.0 = Debug|Any CPU
		{81C01314-385D-44FD-8F40-9F42E3B0BD61}.Debug|x86.ActiveCfg = Debug|Any CPU
		{81C01314-385D-44FD-8F40-9F42E3B0BD61}.Debug|x86.Build.0 = Debug|Any CPU
		{81C01314-385D-44FD-8F40-9F42E3B0BD61}.Release|Any CPU.ActiveCfg = Release|Any CPU
		{81C01314-385D-44FD-8F40-9F42E3B0BD61}.Release|Any CPU.Build.0 = Release|Any CPU
		{81C01314-385D-44FD-8F40-9F42E3B0BD61}.Release|ARM.ActiveCfg = Release|Any CPU
		{81C01314-385D-44FD-8F40-9F42E3B0BD61}.Release|ARM.Build.0 = Release|Any CPU
		{81C01314-385D-44FD-8F40-9F42E3B0BD61}.Release|arm64.ActiveCfg = Release|Any CPU
		{81C01314-385D-44FD-8F40-9F42E3B0BD61}.Release|arm64.Build.0 = Release|Any CPU
		{81C01314-385D-44FD-8F40-9F42E3B0BD61}.Release|iPhone.ActiveCfg = Release|Any CPU
		{81C01314-385D-44FD-8F40-9F42E3B0BD61}.Release|iPhone.Build.0 = Release|Any CPU
		{81C01314-385D-44FD-8F40-9F42E3B0BD61}.Release|iPhoneSimulator.ActiveCfg = Release|Any CPU
		{81C01314-385D-44FD-8F40-9F42E3B0BD61}.Release|iPhoneSimulator.Build.0 = Release|Any CPU
		{81C01314-385D-44FD-8F40-9F42E3B0BD61}.Release|x64.ActiveCfg = Release|Any CPU
		{81C01314-385D-44FD-8F40-9F42E3B0BD61}.Release|x64.Build.0 = Release|Any CPU
		{81C01314-385D-44FD-8F40-9F42E3B0BD61}.Release|x86.ActiveCfg = Release|Any CPU
		{81C01314-385D-44FD-8F40-9F42E3B0BD61}.Release|x86.Build.0 = Release|Any CPU
		{2681CD2F-ECBB-40C3-B5A6-6EC15193EB45}.Debug|Any CPU.ActiveCfg = Debug|Any CPU
		{2681CD2F-ECBB-40C3-B5A6-6EC15193EB45}.Debug|Any CPU.Build.0 = Debug|Any CPU
		{2681CD2F-ECBB-40C3-B5A6-6EC15193EB45}.Debug|ARM.ActiveCfg = Debug|Any CPU
		{2681CD2F-ECBB-40C3-B5A6-6EC15193EB45}.Debug|ARM.Build.0 = Debug|Any CPU
		{2681CD2F-ECBB-40C3-B5A6-6EC15193EB45}.Debug|arm64.ActiveCfg = Debug|Any CPU
		{2681CD2F-ECBB-40C3-B5A6-6EC15193EB45}.Debug|arm64.Build.0 = Debug|Any CPU
		{2681CD2F-ECBB-40C3-B5A6-6EC15193EB45}.Debug|iPhone.ActiveCfg = Debug|Any CPU
		{2681CD2F-ECBB-40C3-B5A6-6EC15193EB45}.Debug|iPhone.Build.0 = Debug|Any CPU
		{2681CD2F-ECBB-40C3-B5A6-6EC15193EB45}.Debug|iPhoneSimulator.ActiveCfg = Debug|Any CPU
		{2681CD2F-ECBB-40C3-B5A6-6EC15193EB45}.Debug|iPhoneSimulator.Build.0 = Debug|Any CPU
		{2681CD2F-ECBB-40C3-B5A6-6EC15193EB45}.Debug|x64.ActiveCfg = Debug|Any CPU
		{2681CD2F-ECBB-40C3-B5A6-6EC15193EB45}.Debug|x64.Build.0 = Debug|Any CPU
		{2681CD2F-ECBB-40C3-B5A6-6EC15193EB45}.Debug|x86.ActiveCfg = Debug|Any CPU
		{2681CD2F-ECBB-40C3-B5A6-6EC15193EB45}.Debug|x86.Build.0 = Debug|Any CPU
		{2681CD2F-ECBB-40C3-B5A6-6EC15193EB45}.Release|Any CPU.ActiveCfg = Release|Any CPU
		{2681CD2F-ECBB-40C3-B5A6-6EC15193EB45}.Release|Any CPU.Build.0 = Release|Any CPU
		{2681CD2F-ECBB-40C3-B5A6-6EC15193EB45}.Release|ARM.ActiveCfg = Release|Any CPU
		{2681CD2F-ECBB-40C3-B5A6-6EC15193EB45}.Release|ARM.Build.0 = Release|Any CPU
		{2681CD2F-ECBB-40C3-B5A6-6EC15193EB45}.Release|arm64.ActiveCfg = Release|Any CPU
		{2681CD2F-ECBB-40C3-B5A6-6EC15193EB45}.Release|arm64.Build.0 = Release|Any CPU
		{2681CD2F-ECBB-40C3-B5A6-6EC15193EB45}.Release|iPhone.ActiveCfg = Release|Any CPU
		{2681CD2F-ECBB-40C3-B5A6-6EC15193EB45}.Release|iPhone.Build.0 = Release|Any CPU
		{2681CD2F-ECBB-40C3-B5A6-6EC15193EB45}.Release|iPhoneSimulator.ActiveCfg = Release|Any CPU
		{2681CD2F-ECBB-40C3-B5A6-6EC15193EB45}.Release|iPhoneSimulator.Build.0 = Release|Any CPU
		{2681CD2F-ECBB-40C3-B5A6-6EC15193EB45}.Release|x64.ActiveCfg = Release|Any CPU
		{2681CD2F-ECBB-40C3-B5A6-6EC15193EB45}.Release|x64.Build.0 = Release|Any CPU
		{2681CD2F-ECBB-40C3-B5A6-6EC15193EB45}.Release|x86.ActiveCfg = Release|Any CPU
		{2681CD2F-ECBB-40C3-B5A6-6EC15193EB45}.Release|x86.Build.0 = Release|Any CPU
		{8B81AA5A-0AAD-40CF-8256-2B6BE8CBED0C}.Debug|Any CPU.ActiveCfg = Debug|Any CPU
		{8B81AA5A-0AAD-40CF-8256-2B6BE8CBED0C}.Debug|Any CPU.Build.0 = Debug|Any CPU
		{8B81AA5A-0AAD-40CF-8256-2B6BE8CBED0C}.Debug|ARM.ActiveCfg = Debug|Any CPU
		{8B81AA5A-0AAD-40CF-8256-2B6BE8CBED0C}.Debug|ARM.Build.0 = Debug|Any CPU
		{8B81AA5A-0AAD-40CF-8256-2B6BE8CBED0C}.Debug|arm64.ActiveCfg = Debug|Any CPU
		{8B81AA5A-0AAD-40CF-8256-2B6BE8CBED0C}.Debug|arm64.Build.0 = Debug|Any CPU
		{8B81AA5A-0AAD-40CF-8256-2B6BE8CBED0C}.Debug|iPhone.ActiveCfg = Debug|Any CPU
		{8B81AA5A-0AAD-40CF-8256-2B6BE8CBED0C}.Debug|iPhone.Build.0 = Debug|Any CPU
		{8B81AA5A-0AAD-40CF-8256-2B6BE8CBED0C}.Debug|iPhoneSimulator.ActiveCfg = Debug|Any CPU
		{8B81AA5A-0AAD-40CF-8256-2B6BE8CBED0C}.Debug|iPhoneSimulator.Build.0 = Debug|Any CPU
		{8B81AA5A-0AAD-40CF-8256-2B6BE8CBED0C}.Debug|x64.ActiveCfg = Debug|Any CPU
		{8B81AA5A-0AAD-40CF-8256-2B6BE8CBED0C}.Debug|x64.Build.0 = Debug|Any CPU
		{8B81AA5A-0AAD-40CF-8256-2B6BE8CBED0C}.Debug|x86.ActiveCfg = Debug|Any CPU
		{8B81AA5A-0AAD-40CF-8256-2B6BE8CBED0C}.Debug|x86.Build.0 = Debug|Any CPU
		{8B81AA5A-0AAD-40CF-8256-2B6BE8CBED0C}.Release|Any CPU.ActiveCfg = Release|Any CPU
		{8B81AA5A-0AAD-40CF-8256-2B6BE8CBED0C}.Release|Any CPU.Build.0 = Release|Any CPU
		{8B81AA5A-0AAD-40CF-8256-2B6BE8CBED0C}.Release|ARM.ActiveCfg = Release|Any CPU
		{8B81AA5A-0AAD-40CF-8256-2B6BE8CBED0C}.Release|ARM.Build.0 = Release|Any CPU
		{8B81AA5A-0AAD-40CF-8256-2B6BE8CBED0C}.Release|arm64.ActiveCfg = Release|Any CPU
		{8B81AA5A-0AAD-40CF-8256-2B6BE8CBED0C}.Release|arm64.Build.0 = Release|Any CPU
		{8B81AA5A-0AAD-40CF-8256-2B6BE8CBED0C}.Release|iPhone.ActiveCfg = Release|Any CPU
		{8B81AA5A-0AAD-40CF-8256-2B6BE8CBED0C}.Release|iPhone.Build.0 = Release|Any CPU
		{8B81AA5A-0AAD-40CF-8256-2B6BE8CBED0C}.Release|iPhoneSimulator.ActiveCfg = Release|Any CPU
		{8B81AA5A-0AAD-40CF-8256-2B6BE8CBED0C}.Release|iPhoneSimulator.Build.0 = Release|Any CPU
		{8B81AA5A-0AAD-40CF-8256-2B6BE8CBED0C}.Release|x64.ActiveCfg = Release|Any CPU
		{8B81AA5A-0AAD-40CF-8256-2B6BE8CBED0C}.Release|x64.Build.0 = Release|Any CPU
		{8B81AA5A-0AAD-40CF-8256-2B6BE8CBED0C}.Release|x86.ActiveCfg = Release|Any CPU
		{8B81AA5A-0AAD-40CF-8256-2B6BE8CBED0C}.Release|x86.Build.0 = Release|Any CPU
		{162B615B-B389-40E7-9155-7546C7D7CCA3}.Debug|Any CPU.ActiveCfg = Debug|Any CPU
		{162B615B-B389-40E7-9155-7546C7D7CCA3}.Debug|Any CPU.Build.0 = Debug|Any CPU
		{162B615B-B389-40E7-9155-7546C7D7CCA3}.Debug|ARM.ActiveCfg = Debug|Any CPU
		{162B615B-B389-40E7-9155-7546C7D7CCA3}.Debug|ARM.Build.0 = Debug|Any CPU
		{162B615B-B389-40E7-9155-7546C7D7CCA3}.Debug|arm64.ActiveCfg = Debug|Any CPU
		{162B615B-B389-40E7-9155-7546C7D7CCA3}.Debug|arm64.Build.0 = Debug|Any CPU
		{162B615B-B389-40E7-9155-7546C7D7CCA3}.Debug|iPhone.ActiveCfg = Debug|Any CPU
		{162B615B-B389-40E7-9155-7546C7D7CCA3}.Debug|iPhone.Build.0 = Debug|Any CPU
		{162B615B-B389-40E7-9155-7546C7D7CCA3}.Debug|iPhoneSimulator.ActiveCfg = Debug|Any CPU
		{162B615B-B389-40E7-9155-7546C7D7CCA3}.Debug|iPhoneSimulator.Build.0 = Debug|Any CPU
		{162B615B-B389-40E7-9155-7546C7D7CCA3}.Debug|x64.ActiveCfg = Debug|Any CPU
		{162B615B-B389-40E7-9155-7546C7D7CCA3}.Debug|x64.Build.0 = Debug|Any CPU
		{162B615B-B389-40E7-9155-7546C7D7CCA3}.Debug|x86.ActiveCfg = Debug|Any CPU
		{162B615B-B389-40E7-9155-7546C7D7CCA3}.Debug|x86.Build.0 = Debug|Any CPU
		{162B615B-B389-40E7-9155-7546C7D7CCA3}.Release|Any CPU.ActiveCfg = Release|Any CPU
		{162B615B-B389-40E7-9155-7546C7D7CCA3}.Release|Any CPU.Build.0 = Release|Any CPU
		{162B615B-B389-40E7-9155-7546C7D7CCA3}.Release|ARM.ActiveCfg = Release|Any CPU
		{162B615B-B389-40E7-9155-7546C7D7CCA3}.Release|ARM.Build.0 = Release|Any CPU
		{162B615B-B389-40E7-9155-7546C7D7CCA3}.Release|arm64.ActiveCfg = Release|Any CPU
		{162B615B-B389-40E7-9155-7546C7D7CCA3}.Release|arm64.Build.0 = Release|Any CPU
		{162B615B-B389-40E7-9155-7546C7D7CCA3}.Release|iPhone.ActiveCfg = Release|Any CPU
		{162B615B-B389-40E7-9155-7546C7D7CCA3}.Release|iPhone.Build.0 = Release|Any CPU
		{162B615B-B389-40E7-9155-7546C7D7CCA3}.Release|iPhoneSimulator.ActiveCfg = Release|Any CPU
		{162B615B-B389-40E7-9155-7546C7D7CCA3}.Release|iPhoneSimulator.Build.0 = Release|Any CPU
		{162B615B-B389-40E7-9155-7546C7D7CCA3}.Release|x64.ActiveCfg = Release|Any CPU
		{162B615B-B389-40E7-9155-7546C7D7CCA3}.Release|x64.Build.0 = Release|Any CPU
		{162B615B-B389-40E7-9155-7546C7D7CCA3}.Release|x86.ActiveCfg = Release|Any CPU
		{162B615B-B389-40E7-9155-7546C7D7CCA3}.Release|x86.Build.0 = Release|Any CPU
		{A40065A0-BDCF-43E1-ADA3-AA89C11C7772}.Debug|Any CPU.ActiveCfg = Debug|Any CPU
		{A40065A0-BDCF-43E1-ADA3-AA89C11C7772}.Debug|Any CPU.Build.0 = Debug|Any CPU
		{A40065A0-BDCF-43E1-ADA3-AA89C11C7772}.Debug|ARM.ActiveCfg = Debug|Any CPU
		{A40065A0-BDCF-43E1-ADA3-AA89C11C7772}.Debug|ARM.Build.0 = Debug|Any CPU
		{A40065A0-BDCF-43E1-ADA3-AA89C11C7772}.Debug|arm64.ActiveCfg = Debug|Any CPU
		{A40065A0-BDCF-43E1-ADA3-AA89C11C7772}.Debug|arm64.Build.0 = Debug|Any CPU
		{A40065A0-BDCF-43E1-ADA3-AA89C11C7772}.Debug|iPhone.ActiveCfg = Debug|Any CPU
		{A40065A0-BDCF-43E1-ADA3-AA89C11C7772}.Debug|iPhone.Build.0 = Debug|Any CPU
		{A40065A0-BDCF-43E1-ADA3-AA89C11C7772}.Debug|iPhoneSimulator.ActiveCfg = Debug|Any CPU
		{A40065A0-BDCF-43E1-ADA3-AA89C11C7772}.Debug|iPhoneSimulator.Build.0 = Debug|Any CPU
		{A40065A0-BDCF-43E1-ADA3-AA89C11C7772}.Debug|x64.ActiveCfg = Debug|Any CPU
		{A40065A0-BDCF-43E1-ADA3-AA89C11C7772}.Debug|x64.Build.0 = Debug|Any CPU
		{A40065A0-BDCF-43E1-ADA3-AA89C11C7772}.Debug|x86.ActiveCfg = Debug|Any CPU
		{A40065A0-BDCF-43E1-ADA3-AA89C11C7772}.Debug|x86.Build.0 = Debug|Any CPU
		{A40065A0-BDCF-43E1-ADA3-AA89C11C7772}.Release|Any CPU.ActiveCfg = Release|Any CPU
		{A40065A0-BDCF-43E1-ADA3-AA89C11C7772}.Release|Any CPU.Build.0 = Release|Any CPU
		{A40065A0-BDCF-43E1-ADA3-AA89C11C7772}.Release|ARM.ActiveCfg = Release|Any CPU
		{A40065A0-BDCF-43E1-ADA3-AA89C11C7772}.Release|ARM.Build.0 = Release|Any CPU
		{A40065A0-BDCF-43E1-ADA3-AA89C11C7772}.Release|arm64.ActiveCfg = Release|Any CPU
		{A40065A0-BDCF-43E1-ADA3-AA89C11C7772}.Release|arm64.Build.0 = Release|Any CPU
		{A40065A0-BDCF-43E1-ADA3-AA89C11C7772}.Release|iPhone.ActiveCfg = Release|Any CPU
		{A40065A0-BDCF-43E1-ADA3-AA89C11C7772}.Release|iPhone.Build.0 = Release|Any CPU
		{A40065A0-BDCF-43E1-ADA3-AA89C11C7772}.Release|iPhoneSimulator.ActiveCfg = Release|Any CPU
		{A40065A0-BDCF-43E1-ADA3-AA89C11C7772}.Release|iPhoneSimulator.Build.0 = Release|Any CPU
		{A40065A0-BDCF-43E1-ADA3-AA89C11C7772}.Release|x64.ActiveCfg = Release|Any CPU
		{A40065A0-BDCF-43E1-ADA3-AA89C11C7772}.Release|x64.Build.0 = Release|Any CPU
		{A40065A0-BDCF-43E1-ADA3-AA89C11C7772}.Release|x86.ActiveCfg = Release|Any CPU
		{A40065A0-BDCF-43E1-ADA3-AA89C11C7772}.Release|x86.Build.0 = Release|Any CPU
		{8D8D7BCE-AA1F-4FCD-82BF-8B009263DEF4}.Debug|Any CPU.ActiveCfg = Debug|Any CPU
		{8D8D7BCE-AA1F-4FCD-82BF-8B009263DEF4}.Debug|Any CPU.Build.0 = Debug|Any CPU
		{8D8D7BCE-AA1F-4FCD-82BF-8B009263DEF4}.Debug|ARM.ActiveCfg = Debug|Any CPU
		{8D8D7BCE-AA1F-4FCD-82BF-8B009263DEF4}.Debug|ARM.Build.0 = Debug|Any CPU
		{8D8D7BCE-AA1F-4FCD-82BF-8B009263DEF4}.Debug|arm64.ActiveCfg = Debug|Any CPU
		{8D8D7BCE-AA1F-4FCD-82BF-8B009263DEF4}.Debug|arm64.Build.0 = Debug|Any CPU
		{8D8D7BCE-AA1F-4FCD-82BF-8B009263DEF4}.Debug|iPhone.ActiveCfg = Debug|Any CPU
		{8D8D7BCE-AA1F-4FCD-82BF-8B009263DEF4}.Debug|iPhone.Build.0 = Debug|Any CPU
		{8D8D7BCE-AA1F-4FCD-82BF-8B009263DEF4}.Debug|iPhoneSimulator.ActiveCfg = Debug|Any CPU
		{8D8D7BCE-AA1F-4FCD-82BF-8B009263DEF4}.Debug|iPhoneSimulator.Build.0 = Debug|Any CPU
		{8D8D7BCE-AA1F-4FCD-82BF-8B009263DEF4}.Debug|x64.ActiveCfg = Debug|Any CPU
		{8D8D7BCE-AA1F-4FCD-82BF-8B009263DEF4}.Debug|x64.Build.0 = Debug|Any CPU
		{8D8D7BCE-AA1F-4FCD-82BF-8B009263DEF4}.Debug|x86.ActiveCfg = Debug|Any CPU
		{8D8D7BCE-AA1F-4FCD-82BF-8B009263DEF4}.Debug|x86.Build.0 = Debug|Any CPU
		{8D8D7BCE-AA1F-4FCD-82BF-8B009263DEF4}.Release|Any CPU.ActiveCfg = Release|Any CPU
		{8D8D7BCE-AA1F-4FCD-82BF-8B009263DEF4}.Release|Any CPU.Build.0 = Release|Any CPU
		{8D8D7BCE-AA1F-4FCD-82BF-8B009263DEF4}.Release|ARM.ActiveCfg = Release|Any CPU
		{8D8D7BCE-AA1F-4FCD-82BF-8B009263DEF4}.Release|ARM.Build.0 = Release|Any CPU
		{8D8D7BCE-AA1F-4FCD-82BF-8B009263DEF4}.Release|arm64.ActiveCfg = Release|Any CPU
		{8D8D7BCE-AA1F-4FCD-82BF-8B009263DEF4}.Release|arm64.Build.0 = Release|Any CPU
		{8D8D7BCE-AA1F-4FCD-82BF-8B009263DEF4}.Release|iPhone.ActiveCfg = Release|Any CPU
		{8D8D7BCE-AA1F-4FCD-82BF-8B009263DEF4}.Release|iPhone.Build.0 = Release|Any CPU
		{8D8D7BCE-AA1F-4FCD-82BF-8B009263DEF4}.Release|iPhoneSimulator.ActiveCfg = Release|Any CPU
		{8D8D7BCE-AA1F-4FCD-82BF-8B009263DEF4}.Release|iPhoneSimulator.Build.0 = Release|Any CPU
		{8D8D7BCE-AA1F-4FCD-82BF-8B009263DEF4}.Release|x64.ActiveCfg = Release|Any CPU
		{8D8D7BCE-AA1F-4FCD-82BF-8B009263DEF4}.Release|x64.Build.0 = Release|Any CPU
		{8D8D7BCE-AA1F-4FCD-82BF-8B009263DEF4}.Release|x86.ActiveCfg = Release|Any CPU
		{8D8D7BCE-AA1F-4FCD-82BF-8B009263DEF4}.Release|x86.Build.0 = Release|Any CPU
		{35E97F87-C1BE-47BE-A873-4F6A53F0D638}.Debug|Any CPU.ActiveCfg = Debug|Any CPU
		{35E97F87-C1BE-47BE-A873-4F6A53F0D638}.Debug|Any CPU.Build.0 = Debug|Any CPU
		{35E97F87-C1BE-47BE-A873-4F6A53F0D638}.Debug|ARM.ActiveCfg = Debug|Any CPU
		{35E97F87-C1BE-47BE-A873-4F6A53F0D638}.Debug|ARM.Build.0 = Debug|Any CPU
		{35E97F87-C1BE-47BE-A873-4F6A53F0D638}.Debug|arm64.ActiveCfg = Debug|Any CPU
		{35E97F87-C1BE-47BE-A873-4F6A53F0D638}.Debug|arm64.Build.0 = Debug|Any CPU
		{35E97F87-C1BE-47BE-A873-4F6A53F0D638}.Debug|iPhone.ActiveCfg = Debug|Any CPU
		{35E97F87-C1BE-47BE-A873-4F6A53F0D638}.Debug|iPhone.Build.0 = Debug|Any CPU
		{35E97F87-C1BE-47BE-A873-4F6A53F0D638}.Debug|iPhoneSimulator.ActiveCfg = Debug|Any CPU
		{35E97F87-C1BE-47BE-A873-4F6A53F0D638}.Debug|iPhoneSimulator.Build.0 = Debug|Any CPU
		{35E97F87-C1BE-47BE-A873-4F6A53F0D638}.Debug|x64.ActiveCfg = Debug|Any CPU
		{35E97F87-C1BE-47BE-A873-4F6A53F0D638}.Debug|x64.Build.0 = Debug|Any CPU
		{35E97F87-C1BE-47BE-A873-4F6A53F0D638}.Debug|x86.ActiveCfg = Debug|Any CPU
		{35E97F87-C1BE-47BE-A873-4F6A53F0D638}.Debug|x86.Build.0 = Debug|Any CPU
		{35E97F87-C1BE-47BE-A873-4F6A53F0D638}.Release|Any CPU.ActiveCfg = Release|Any CPU
		{35E97F87-C1BE-47BE-A873-4F6A53F0D638}.Release|Any CPU.Build.0 = Release|Any CPU
		{35E97F87-C1BE-47BE-A873-4F6A53F0D638}.Release|ARM.ActiveCfg = Release|Any CPU
		{35E97F87-C1BE-47BE-A873-4F6A53F0D638}.Release|ARM.Build.0 = Release|Any CPU
		{35E97F87-C1BE-47BE-A873-4F6A53F0D638}.Release|arm64.ActiveCfg = Release|Any CPU
		{35E97F87-C1BE-47BE-A873-4F6A53F0D638}.Release|arm64.Build.0 = Release|Any CPU
		{35E97F87-C1BE-47BE-A873-4F6A53F0D638}.Release|iPhone.ActiveCfg = Release|Any CPU
		{35E97F87-C1BE-47BE-A873-4F6A53F0D638}.Release|iPhone.Build.0 = Release|Any CPU
		{35E97F87-C1BE-47BE-A873-4F6A53F0D638}.Release|iPhoneSimulator.ActiveCfg = Release|Any CPU
		{35E97F87-C1BE-47BE-A873-4F6A53F0D638}.Release|iPhoneSimulator.Build.0 = Release|Any CPU
		{35E97F87-C1BE-47BE-A873-4F6A53F0D638}.Release|x64.ActiveCfg = Release|Any CPU
		{35E97F87-C1BE-47BE-A873-4F6A53F0D638}.Release|x64.Build.0 = Release|Any CPU
		{35E97F87-C1BE-47BE-A873-4F6A53F0D638}.Release|x86.ActiveCfg = Release|Any CPU
		{35E97F87-C1BE-47BE-A873-4F6A53F0D638}.Release|x86.Build.0 = Release|Any CPU
	EndGlobalSection
	GlobalSection(SolutionProperties) = preSolution
		HideSolutionNode = FALSE
	EndGlobalSection
	GlobalSection(NestedProjects) = preSolution
		{1CAF8B17-6A73-4C71-A27D-A9F302884700} = {6A0F7890-5864-4F18-A965-71EE860CF342}
		{2681CD2F-ECBB-40C3-B5A6-6EC15193EB45} = {6A0F7890-5864-4F18-A965-71EE860CF342}
		{8B81AA5A-0AAD-40CF-8256-2B6BE8CBED0C} = {28099557-8F7B-4048-A8E2-09436DCEF9EE}
		{162B615B-B389-40E7-9155-7546C7D7CCA3} = {28099557-8F7B-4048-A8E2-09436DCEF9EE}
		{A40065A0-BDCF-43E1-ADA3-AA89C11C7772} = {28099557-8F7B-4048-A8E2-09436DCEF9EE}
		{8D8D7BCE-AA1F-4FCD-82BF-8B009263DEF4} = {1CAF8B17-6A73-4C71-A27D-A9F302884700}
		{35E97F87-C1BE-47BE-A873-4F6A53F0D638} = {1CAF8B17-6A73-4C71-A27D-A9F302884700}
	EndGlobalSection
	GlobalSection(ExtensibilityGlobals) = postSolution
		SolutionGuid = {DE409F91-55C4-4227-82FA-9901E8DF155A}
	EndGlobalSection
EndGlobal
